
Microsoft Visual Studio Solution File, Format Version 12.00
# Visual Studio 15
Project("{FAE04EC0-301F-11D3-BF4B-00C04F79EFBC}") = "Unity.Timeline", "Unity.Timeline.csproj", "{7A6B69C5-B4A8-B57A-5749-31FBFE3522FC}"
EndProject
Project("{FAE04EC0-301F-11D3-BF4B-00C04F79EFBC}") = "Unity.RenderPipelines.GPUDriven.Runtime", "Unity.RenderPipelines.GPUDriven.Runtime.csproj", "{DAC3822F-EED2-6EA8-0359-E9AE7E0A191C}"
EndProject
Project("{FAE04EC0-301F-11D3-BF4B-00C04F79EFBC}") = "Unity.ShaderGraph.Editor", "Unity.ShaderGraph.Editor.csproj", "{C8567002-B5AE-BD62-DC39-768AFBF5BF59}"
EndProject
Project("{FAE04EC0-301F-11D3-BF4B-00C04F79EFBC}") = "Unity.RenderPipelines.Core.Runtime", "Unity.RenderPipelines.Core.Runtime.csproj", "{53F051ED-28EA-3617-858F-BD43B31376DB}"
EndProject
Project("{FAE04EC0-301F-11D3-BF4B-00C04F79EFBC}") = "Unity.ScriptableBuildPipeline.Editor", "Unity.ScriptableBuildPipeline.Editor.csproj", "{3D57EEFD-AC7D-D943-DEBF-4AB9E6E9B45C}"
EndProject
Project("{FAE04EC0-301F-11D3-BF4B-00C04F79EFBC}") = "Unity.Mathematics", "Unity.Mathematics.csproj", "{5D88E5DB-D220-402A-C561-60013D908DAC}"
EndProject
Project("{FAE04EC0-301F-11D3-BF4B-00C04F79EFBC}") = "Unity.Timeline.Editor", "Unity.Timeline.Editor.csproj", "{133A7F29-DF8F-D0DE-1487-4B12851F4E6A}"
EndProject
Project("{FAE04EC0-301F-11D3-BF4B-00C04F79EFBC}") = "Unity.Cinemachine.Editor", "Unity.Cinemachine.Editor.csproj", "{AD54CA2A-01A3-908C-1B4D-9094ECADD1CD}"
EndProject
Project("{FAE04EC0-301F-11D3-BF4B-00C04F79EFBC}") = "UnityEngine.UI", "UnityEngine.UI.csproj", "{06F32A71-78FC-79C4-ADC0-B3B8D8E3685A}"
EndProject
Project("{FAE04EC0-301F-11D3-BF4B-00C04F79EFBC}") = "Unity.RenderPipelines.Core.Editor", "Unity.RenderPipelines.Core.Editor.csproj", "{331EACB9-68E5-780E-237F-32EC0DEE93FB}"
EndProject
Project("{FAE04EC0-301F-11D3-BF4B-00C04F79EFBC}") = "Unity.RenderPipelines.Universal.2D.Runtime", "Unity.RenderPipelines.Universal.2D.Runtime.csproj", "{85ED506E-7457-2658-19AC-22F0D5918E5E}"
EndProject
Project("{FAE04EC0-301F-11D3-BF4B-00C04F79EFBC}") = "Unity.Collections", "Unity.Collections.csproj", "{459C2AB5-65CB-25FF-9C69-28345EA779D6}"
EndProject
Project("{FAE04EC0-301F-11D3-BF4B-00C04F79EFBC}") = "Unity.Addressables.Editor", "Unity.Addressables.Editor.csproj", "{CE78AD7D-A129-254A-84E1-B7269A1538B8}"
EndProject
Project("{FAE04EC0-301F-11D3-BF4B-00C04F79EFBC}") = "Unity.RenderPipelines.Universal.Editor", "Unity.RenderPipelines.Universal.Editor.csproj", "{6EC0B8CF-A553-4DEC-7B4C-4DDA77989CD1}"
EndProject
Project("{FAE04EC0-301F-11D3-BF4B-00C04F79EFBC}") = "Unity.PerformanceTesting.Editor", "Unity.PerformanceTesting.Editor.csproj", "{22B9AA4C-914C-F6D5-A616-112349EBFF5F}"
EndProject
Project("{FAE04EC0-301F-11D3-BF4B-00C04F79EFBC}") = "Unity.Splines", "Unity.Splines.csproj", "{104A78D2-1248-211C-CE99-3E00D34822BA}"
EndProject
Project("{FAE04EC0-301F-11D3-BF4B-00C04F79EFBC}") = "UnityEngine.TestRunner", "UnityEngine.TestRunner.csproj", "{63C28E55-2D9D-631D-F7EA-5435AA7095BD}"
EndProject
Project("{FAE04EC0-301F-11D3-BF4B-00C04F79EFBC}") = "Unity.Burst", "Unity.Burst.csproj", "{9ED5A33B-EA18-562B-66BD-E11612BB2B4A}"
EndProject
Project("{FAE04EC0-301F-11D3-BF4B-00C04F79EFBC}") = "Unity.VisualStudio.Editor", "Unity.VisualStudio.Editor.csproj", "{700DF590-3251-F5A1-15A8-FD9C06AF9D04}"
EndProject
Project("{FAE04EC0-301F-11D3-BF4B-00C04F79EFBC}") = "Unity.InputSystem", "Unity.InputSystem.csproj", "{93CB36BA-D49A-D9FA-EC1B-5F3C22EBD3AE}"
EndProject
Project("{FAE04EC0-301F-11D3-BF4B-00C04F79EFBC}") = "PPv2URPConverters", "PPv2URPConverters.csproj", "{F4958309-DAC6-3FCD-CDBC-87199F9D6E8E}"
EndProject
Project("{FAE04EC0-301F-11D3-BF4B-00C04F79EFBC}") = "Unity.Searcher.Editor", "Unity.Searcher.Editor.csproj", "{94BB5E71-B0D1-2730-031C-A04DB1ED994C}"
EndProject
Project("{FAE04EC0-301F-11D3-BF4B-00C04F79EFBC}") = "Unity.ResourceManager", "Unity.ResourceManager.csproj", "{E6088CF8-5D85-5E66-5EE8-6AF871C896B4}"
EndProject
Project("{FAE04EC0-301F-11D3-BF4B-00C04F79EFBC}") = "UnityEditor.TestRunner", "UnityEditor.TestRunner.csproj", "{C50513DB-3B53-FD8B-0B85-1E949ED1558D}"
EndProject
Project("{FAE04EC0-301F-11D3-BF4B-00C04F79EFBC}") = "Assembly-CSharp-Editor", "Assembly-CSharp-Editor.csproj", "{6A6C086B-8E32-17E5-66DB-48CD2AEED440}"
EndProject
Project("{FAE04EC0-301F-11D3-BF4B-00C04F79EFBC}") = "Unity.RenderPipelines.Universal.Runtime", "Unity.RenderPipelines.Universal.Runtime.csproj", "{553E1170-0F89-4F3B-8190-B3E59B282DB4}"
EndProject
Project("{FAE04EC0-301F-11D3-BF4B-00C04F79EFBC}") = "Unity.Burst.CodeGen", "Unity.Burst.CodeGen.csproj", "{24563B72-318E-2DC8-82A7-8E3D79A80098}"
EndProject
Project("{FAE04EC0-301F-11D3-BF4B-00C04F79EFBC}") = "Unity.Cinemachine", "Unity.Cinemachine.csproj", "{6D010A23-BA57-5ED7-25E3-7EA0DA228E81}"
EndProject
Project("{FAE04EC0-301F-11D3-BF4B-00C04F79EFBC}") = "Unity.Addressables.DocExampleCode.Editor.Tests", "Unity.Addressables.DocExampleCode.Editor.Tests.csproj", "{BABA8721-E254-3208-0A89-A2331330FDD3}"
EndProject
Project("{FAE04EC0-301F-11D3-BF4B-00C04F79EFBC}") = "WWIII.Scripts", "WWIII.Scripts.csproj", "{6C3CF51B-2B0A-38F6-C6BE-3E0D402BFB73}"
EndProject
Project("{FAE04EC0-301F-11D3-BF4B-00C04F79EFBC}") = "Unity.Splines.Editor", "Unity.Splines.Editor.csproj", "{E40AF88E-E2D7-49FD-8CA6-6B05F99CE9F0}"
EndProject
Project("{FAE04EC0-301F-11D3-BF4B-00C04F79EFBC}") = "Unity.PerformanceTesting", "Unity.PerformanceTesting.csproj", "{FBA0C2C5-B543-5212-5B1C-569E00F158C2}"
EndProject
Project("{FAE04EC0-301F-11D3-BF4B-00C04F79EFBC}") = "Unity.TextMeshPro", "Unity.TextMeshPro.csproj", "{6D18BF70-A8BD-6439-44A2-E686C39C383B}"
EndProject
Project("{FAE04EC0-301F-11D3-BF4B-00C04F79EFBC}") = "Unity.TextMeshPro.Editor", "Unity.TextMeshPro.Editor.csproj", "{CC68D10F-F8E2-B450-9E40-3A75BA2451BD}"
EndProject
Project("{FAE04EC0-301F-11D3-BF4B-00C04F79EFBC}") = "Unity.Rendering.LightTransport.Runtime", "Unity.Rendering.LightTransport.Runtime.csproj", "{D9858C5C-6E8F-A5F4-815A-15ABB46AC726}"
EndProject
Project("{FAE04EC0-301F-11D3-BF4B-00C04F79EFBC}") = "Unity.Burst.Editor", "Unity.Burst.Editor.csproj", "{B83B517D-D97D-AC4C-DC50-0C131ABC0CD5}"
EndProject
Project("{FAE04EC0-301F-11D3-BF4B-00C04F79EFBC}") = "UnityEditor.UI", "UnityEditor.UI.csproj", "{4C14529C-1560-4CC9-087F-05AC14602E2A}"
EndProject
Project("{FAE04EC0-301F-11D3-BF4B-00C04F79EFBC}") = "DOTween.Modules", "DOTween.Modules.csproj", "{789B5108-8E00-64B5-F85C-E92259C68DB4}"
EndProject
Project("{FAE04EC0-301F-11D3-BF4B-00C04F79EFBC}") = "Unity.InputSystem.ForUI", "Unity.InputSystem.ForUI.csproj", "{D49B97E8-0D0D-BA79-BFC9-E753B41E73EE}"
EndProject
Project("{FAE04EC0-301F-11D3-BF4B-00C04F79EFBC}") = "Unity.Collections.CodeGen", "Unity.Collections.CodeGen.csproj", "{35F80088-D11E-E8E1-D1C6-9F97AF6AD322}"
EndProject
Project("{FAE04EC0-301F-11D3-BF4B-00C04F79EFBC}") = "Unity.Addressables", "Unity.Addressables.csproj", "{F53FDA00-0486-F9F3-817E-D3B15BB1CF94}"
EndProject
Project("{FAE04EC0-301F-11D3-BF4B-00C04F79EFBC}") = "Unity.Mathematics.Editor", "Unity.Mathematics.Editor.csproj", "{ABED7AAD-1A2A-B853-93E9-F020FEDCF108}"
EndProject
Project("{FAE04EC0-301F-11D3-BF4B-00C04F79EFBC}") = "Unity.Settings.Editor", "Unity.Settings.Editor.csproj", "{930875AB-779F-D442-94B2-B40B14C206F9}"
EndProject
Project("{FAE04EC0-301F-11D3-BF4B-00C04F79EFBC}") = "Unity.InputSystem.TestFramework", "Unity.InputSystem.TestFramework.csproj", "{5CA44487-4CAF-33BE-C633-5AF6DB290D5C}"
EndProject
Project("{FAE04EC0-301F-11D3-BF4B-00C04F79EFBC}") = "Unity.ShaderGraph.Utilities", "Unity.ShaderGraph.Utilities.csproj", "{0C939E4F-B6F7-B966-0421-3F321A184932}"
EndProject
Project("{FAE04EC0-301F-11D3-BF4B-00C04F79EFBC}") = "Unity.Profiling.Core", "Unity.Profiling.Core.csproj", "{567F533D-59EF-A858-B51E-B47EF5AA7DCE}"
EndProject
Project("{FAE04EC0-301F-11D3-BF4B-00C04F79EFBC}") = "DOTweenPro.EditorScripts", "DOTweenPro.EditorScripts.csproj", "{2F4AB4F2-87D7-4A0B-EB23-EAD2A4D438C7}"
EndProject
Project("{FAE04EC0-301F-11D3-BF4B-00C04F79EFBC}") = "Unity.RenderPipeline.Universal.ShaderLibrary", "Unity.RenderPipeline.Universal.ShaderLibrary.csproj", "{9FA8D622-438C-C853-D510-A5122D716A7D}"
EndProject
Project("{FAE04EC0-301F-11D3-BF4B-00C04F79EFBC}") = "DOTweenPro.Scripts", "DOTweenPro.Scripts.csproj", "{2DF013E0-F6FA-677A-2EAD-728F44497E0F}"
EndProject
Project("{FAE04EC0-301F-11D3-BF4B-00C04F79EFBC}") = "Unity.Rendering.LightTransport.Editor", "Unity.Rendering.LightTransport.Editor.csproj", "{B93D68F1-3E56-85FE-6BD1-5224C36E51E8}"
EndProject
Project("{FAE04EC0-301F-11D3-BF4B-00C04F79EFBC}") = "Unity.InputSystem.DocCodeSamples", "Unity.InputSystem.DocCodeSamples.csproj", "{FCDCD28D-8968-E99F-C890-33F79F465C9F}"
EndProject
Project("{FAE04EC0-301F-11D3-BF4B-00C04F79EFBC}") = "Unity.RenderPipelines.Universal.Shaders", "Unity.RenderPipelines.Universal.Shaders.csproj", "{351DD7C6-9C4D-1C6E-FBDA-0067593E1C24}"
EndProject
Project("{FAE04EC0-301F-11D3-BF4B-00C04F79EFBC}") = "Unity.RenderPipelines.Core.Runtime.Shared", "Unity.RenderPipelines.Core.Runtime.Shared.csproj", "{8CF016CD-AE4D-12A1-D2E4-78F25744C38F}"
EndProject
Project("{FAE04EC0-301F-11D3-BF4B-00C04F79EFBC}") = "Unity.ScriptableBuildPipeline", "Unity.ScriptableBuildPipeline.csproj", "{2F9745F4-0B2C-9F92-6F03-2FD015DE8B52}"
EndProject
Project("{FAE04EC0-301F-11D3-BF4B-00C04F79EFBC}") = "Unity.Collections.Editor", "Unity.Collections.Editor.csproj", "{FAC4D061-0D5D-E2AC-1180-3E3B2FC06B20}"
EndProject
Project("{FAE04EC0-301F-11D3-BF4B-00C04F79EFBC}") = "Unity.RenderPipelines.Universal.Config.Runtime", "Unity.RenderPipelines.Universal.Config.Runtime.csproj", "{94AF51FA-7804-6AD0-E823-A16B5A32848B}"
EndProject
Project("{FAE04EC0-301F-11D3-BF4B-00C04F79EFBC}") = "Unity.RenderPipelines.ShaderGraph.ShaderGraphLibrary", "Unity.RenderPipelines.ShaderGraph.ShaderGraphLibrary.csproj", "{24A7C716-ACC3-AA32-AC15-E861983EB1D0}"
EndProject
Project("{FAE04EC0-301F-11D3-BF4B-00C04F79EFBC}") = "Unity.RenderPipelines.Core.ShaderLibrary", "Unity.RenderPipelines.Core.ShaderLibrary.csproj", "{035FF319-CE73-4C5A-1E6E-D161CE53140A}"
EndProject
Project("{FAE04EC0-301F-11D3-BF4B-00C04F79EFBC}") = "Unity.RenderPipelines.Core.Editor.Shared", "Unity.RenderPipelines.Core.Editor.Shared.csproj", "{512CB648-B8DA-A2D4-1824-70B7DE1CF99A}"
EndProject
Global
	GlobalSection(SolutionConfigurationPlatforms) = preSolution
		Debug|Any CPU = Debug|Any CPU
		Release|Any CPU = Release|Any CPU
	EndGlobalSection
	GlobalSection(ProjectConfigurationPlatforms) = postSolution
		{7A6B69C5-B4A8-B57A-5749-31FBFE3522FC}.Debug|Any CPU.ActiveCfg = Debug|Any CPU
		{7A6B69C5-B4A8-B57A-5749-31FBFE3522FC}.Debug|Any CPU.Build.0 = Debug|Any CPU
		{7A6B69C5-B4A8-B57A-5749-31FBFE3522FC}.Release|Any CPU.ActiveCfg = Release|Any CPU
		{7A6B69C5-B4A8-B57A-5749-31FBFE3522FC}.Release|Any CPU.Build.0 = Release|Any CPU
		{DAC3822F-EED2-6EA8-0359-E9AE7E0A191C}.Debug|Any CPU.ActiveCfg = Debug|Any CPU
		{DAC3822F-EED2-6EA8-0359-E9AE7E0A191C}.Debug|Any CPU.Build.0 = Debug|Any CPU
		{DAC3822F-EED2-6EA8-0359-E9AE7E0A191C}.Release|Any CPU.ActiveCfg = Release|Any CPU
		{DAC3822F-EED2-6EA8-0359-E9AE7E0A191C}.Release|Any CPU.Build.0 = Release|Any CPU
		{C8567002-B5AE-BD62-DC39-768AFBF5BF59}.Debug|Any CPU.ActiveCfg = Debug|Any CPU
		{C8567002-B5AE-BD62-DC39-768AFBF5BF59}.Debug|Any CPU.Build.0 = Debug|Any CPU
		{C8567002-B5AE-BD62-DC39-768AFBF5BF59}.Release|Any CPU.ActiveCfg = Release|Any CPU
		{C8567002-B5AE-BD62-DC39-768AFBF5BF59}.Release|Any CPU.Build.0 = Release|Any CPU
		{53F051ED-28EA-3617-858F-BD43B31376DB}.Debug|Any CPU.ActiveCfg = Debug|Any CPU
		{53F051ED-28EA-3617-858F-BD43B31376DB}.Debug|Any CPU.Build.0 = Debug|Any CPU
		{53F051ED-28EA-3617-858F-BD43B31376DB}.Release|Any CPU.ActiveCfg = Release|Any CPU
		{53F051ED-28EA-3617-858F-BD43B31376DB}.Release|Any CPU.Build.0 = Release|Any CPU
		{3D57EEFD-AC7D-D943-DEBF-4AB9E6E9B45C}.Debug|Any CPU.ActiveCfg = Debug|Any CPU
		{3D57EEFD-AC7D-D943-DEBF-4AB9E6E9B45C}.Debug|Any CPU.Build.0 = Debug|Any CPU
		{3D57EEFD-AC7D-D943-DEBF-4AB9E6E9B45C}.Release|Any CPU.ActiveCfg = Release|Any CPU
		{3D57EEFD-AC7D-D943-DEBF-4AB9E6E9B45C}.Release|Any CPU.Build.0 = Release|Any CPU
		{5D88E5DB-D220-402A-C561-60013D908DAC}.Debug|Any CPU.ActiveCfg = Debug|Any CPU
		{5D88E5DB-D220-402A-C561-60013D908DAC}.Debug|Any CPU.Build.0 = Debug|Any CPU
		{5D88E5DB-D220-402A-C561-60013D908DAC}.Release|Any CPU.ActiveCfg = Release|Any CPU
		{5D88E5DB-D220-402A-C561-60013D908DAC}.Release|Any CPU.Build.0 = Release|Any CPU
		{133A7F29-DF8F-D0DE-1487-4B12851F4E6A}.Debug|Any CPU.ActiveCfg = Debug|Any CPU
		{133A7F29-DF8F-D0DE-1487-4B12851F4E6A}.Debug|Any CPU.Build.0 = Debug|Any CPU
		{133A7F29-DF8F-D0DE-1487-4B12851F4E6A}.Release|Any CPU.ActiveCfg = Release|Any CPU
		{133A7F29-DF8F-D0DE-1487-4B12851F4E6A}.Release|Any CPU.Build.0 = Release|Any CPU
		{AD54CA2A-01A3-908C-1B4D-9094ECADD1CD}.Debug|Any CPU.ActiveCfg = Debug|Any CPU
		{AD54CA2A-01A3-908C-1B4D-9094ECADD1CD}.Debug|Any CPU.Build.0 = Debug|Any CPU
		{AD54CA2A-01A3-908C-1B4D-9094ECADD1CD}.Release|Any CPU.ActiveCfg = Release|Any CPU
		{AD54CA2A-01A3-908C-1B4D-9094ECADD1CD}.Release|Any CPU.Build.0 = Release|Any CPU
		{06F32A71-78FC-79C4-ADC0-B3B8D8E3685A}.Debug|Any CPU.ActiveCfg = Debug|Any CPU
		{06F32A71-78FC-79C4-ADC0-B3B8D8E3685A}.Debug|Any CPU.Build.0 = Debug|Any CPU
		{06F32A71-78FC-79C4-ADC0-B3B8D8E3685A}.Release|Any CPU.ActiveCfg = Release|Any CPU
		{06F32A71-78FC-79C4-ADC0-B3B8D8E3685A}.Release|Any CPU.Build.0 = Release|Any CPU
		{331EACB9-68E5-780E-237F-32EC0DEE93FB}.Debug|Any CPU.ActiveCfg = Debug|Any CPU
		{331EACB9-68E5-780E-237F-32EC0DEE93FB}.Debug|Any CPU.Build.0 = Debug|Any CPU
		{331EACB9-68E5-780E-237F-32EC0DEE93FB}.Release|Any CPU.ActiveCfg = Release|Any CPU
		{331EACB9-68E5-780E-237F-32EC0DEE93FB}.Release|Any CPU.Build.0 = Release|Any CPU
		{85ED506E-7457-2658-19AC-22F0D5918E5E}.Debug|Any CPU.ActiveCfg = Debug|Any CPU
		{85ED506E-7457-2658-19AC-22F0D5918E5E}.Debug|Any CPU.Build.0 = Debug|Any CPU
		{85ED506E-7457-2658-19AC-22F0D5918E5E}.Release|Any CPU.ActiveCfg = Release|Any CPU
		{85ED506E-7457-2658-19AC-22F0D5918E5E}.Release|Any CPU.Build.0 = Release|Any CPU
		{459C2AB5-65CB-25FF-9C69-28345EA779D6}.Debug|Any CPU.ActiveCfg = Debug|Any CPU
		{459C2AB5-65CB-25FF-9C69-28345EA779D6}.Debug|Any CPU.Build.0 = Debug|Any CPU
		{459C2AB5-65CB-25FF-9C69-28345EA779D6}.Release|Any CPU.ActiveCfg = Release|Any CPU
		{459C2AB5-65CB-25FF-9C69-28345EA779D6}.Release|Any CPU.Build.0 = Release|Any CPU
		{CE78AD7D-A129-254A-84E1-B7269A1538B8}.Debug|Any CPU.ActiveCfg = Debug|Any CPU
		{CE78AD7D-A129-254A-84E1-B7269A1538B8}.Debug|Any CPU.Build.0 = Debug|Any CPU
		{CE78AD7D-A129-254A-84E1-B7269A1538B8}.Release|Any CPU.ActiveCfg = Release|Any CPU
		{CE78AD7D-A129-254A-84E1-B7269A1538B8}.Release|Any CPU.Build.0 = Release|Any CPU
		{6EC0B8CF-A553-4DEC-7B4C-4DDA77989CD1}.Debug|Any CPU.ActiveCfg = Debug|Any CPU
		{6EC0B8CF-A553-4DEC-7B4C-4DDA77989CD1}.Debug|Any CPU.Build.0 = Debug|Any CPU
		{6EC0B8CF-A553-4DEC-7B4C-4DDA77989CD1}.Release|Any CPU.ActiveCfg = Release|Any CPU
		{6EC0B8CF-A553-4DEC-7B4C-4DDA77989CD1}.Release|Any CPU.Build.0 = Release|Any CPU
		{22B9AA4C-914C-F6D5-A616-112349EBFF5F}.Debug|Any CPU.ActiveCfg = Debug|Any CPU
		{22B9AA4C-914C-F6D5-A616-112349EBFF5F}.Debug|Any CPU.Build.0 = Debug|Any CPU
		{22B9AA4C-914C-F6D5-A616-112349EBFF5F}.Release|Any CPU.ActiveCfg = Release|Any CPU
		{22B9AA4C-914C-F6D5-A616-112349EBFF5F}.Release|Any CPU.Build.0 = Release|Any CPU
		{104A78D2-1248-211C-CE99-3E00D34822BA}.Debug|Any CPU.ActiveCfg = Debug|Any CPU
		{104A78D2-1248-211C-CE99-3E00D34822BA}.Debug|Any CPU.Build.0 = Debug|Any CPU
		{104A78D2-1248-211C-CE99-3E00D34822BA}.Release|Any CPU.ActiveCfg = Release|Any CPU
		{104A78D2-1248-211C-CE99-3E00D34822BA}.Release|Any CPU.Build.0 = Release|Any CPU
		{63C28E55-2D9D-631D-F7EA-5435AA7095BD}.Debug|Any CPU.ActiveCfg = Debug|Any CPU
		{63C28E55-2D9D-631D-F7EA-5435AA7095BD}.Debug|Any CPU.Build.0 = Debug|Any CPU
		{63C28E55-2D9D-631D-F7EA-5435AA7095BD}.Release|Any CPU.ActiveCfg = Release|Any CPU
		{63C28E55-2D9D-631D-F7EA-5435AA7095BD}.Release|Any CPU.Build.0 = Release|Any CPU
		{9ED5A33B-EA18-562B-66BD-E11612BB2B4A}.Debug|Any CPU.ActiveCfg = Debug|Any CPU
		{9ED5A33B-EA18-562B-66BD-E11612BB2B4A}.Debug|Any CPU.Build.0 = Debug|Any CPU
		{9ED5A33B-EA18-562B-66BD-E11612BB2B4A}.Release|Any CPU.ActiveCfg = Release|Any CPU
		{9ED5A33B-EA18-562B-66BD-E11612BB2B4A}.Release|Any CPU.Build.0 = Release|Any CPU
		{700DF590-3251-F5A1-15A8-FD9C06AF9D04}.Debug|Any CPU.ActiveCfg = Debug|Any CPU
		{700DF590-3251-F5A1-15A8-FD9C06AF9D04}.Debug|Any CPU.Build.0 = Debug|Any CPU
		{700DF590-3251-F5A1-15A8-FD9C06AF9D04}.Release|Any CPU.ActiveCfg = Release|Any CPU
		{700DF590-3251-F5A1-15A8-FD9C06AF9D04}.Release|Any CPU.Build.0 = Release|Any CPU
		{93CB36BA-D49A-D9FA-EC1B-5F3C22EBD3AE}.Debug|Any CPU.ActiveCfg = Debug|Any CPU
		{93CB36BA-D49A-D9FA-EC1B-5F3C22EBD3AE}.Debug|Any CPU.Build.0 = Debug|Any CPU
		{93CB36BA-D49A-D9FA-EC1B-5F3C22EBD3AE}.Release|Any CPU.ActiveCfg = Release|Any CPU
		{93CB36BA-D49A-D9FA-EC1B-5F3C22EBD3AE}.Release|Any CPU.Build.0 = Release|Any CPU
		{F4958309-DAC6-3FCD-CDBC-87199F9D6E8E}.Debug|Any CPU.ActiveCfg = Debug|Any CPU
		{F4958309-DAC6-3FCD-CDBC-87199F9D6E8E}.Debug|Any CPU.Build.0 = Debug|Any CPU
		{F4958309-DAC6-3FCD-CDBC-87199F9D6E8E}.Release|Any CPU.ActiveCfg = Release|Any CPU
		{F4958309-DAC6-3FCD-CDBC-87199F9D6E8E}.Release|Any CPU.Build.0 = Release|Any CPU
		{94BB5E71-B0D1-2730-031C-A04DB1ED994C}.Debug|Any CPU.ActiveCfg = Debug|Any CPU
		{94BB5E71-B0D1-2730-031C-A04DB1ED994C}.Debug|Any CPU.Build.0 = Debug|Any CPU
		{94BB5E71-B0D1-2730-031C-A04DB1ED994C}.Release|Any CPU.ActiveCfg = Release|Any CPU
		{94BB5E71-B0D1-2730-031C-A04DB1ED994C}.Release|Any CPU.Build.0 = Release|Any CPU
		{E6088CF8-5D85-5E66-5EE8-6AF871C896B4}.Debug|Any CPU.ActiveCfg = Debug|Any CPU
		{E6088CF8-5D85-5E66-5EE8-6AF871C896B4}.Debug|Any CPU.Build.0 = Debug|Any CPU
		{E6088CF8-5D85-5E66-5EE8-6AF871C896B4}.Release|Any CPU.ActiveCfg = Release|Any CPU
		{E6088CF8-5D85-5E66-5EE8-6AF871C896B4}.Release|Any CPU.Build.0 = Release|Any CPU
		{C50513DB-3B53-FD8B-0B85-1E949ED1558D}.Debug|Any CPU.ActiveCfg = Debug|Any CPU
		{C50513DB-3B53-FD8B-0B85-1E949ED1558D}.Debug|Any CPU.Build.0 = Debug|Any CPU
		{C50513DB-3B53-FD8B-0B85-1E949ED1558D}.Release|Any CPU.ActiveCfg = Release|Any CPU
		{C50513DB-3B53-FD8B-0B85-1E949ED1558D}.Release|Any CPU.Build.0 = Release|Any CPU
		{6A6C086B-8E32-17E5-66DB-48CD2AEED440}.Debug|Any CPU.ActiveCfg = Debug|Any CPU
		{6A6C086B-8E32-17E5-66DB-48CD2AEED440}.Debug|Any CPU.Build.0 = Debug|Any CPU
		{6A6C086B-8E32-17E5-66DB-48CD2AEED440}.Release|Any CPU.ActiveCfg = Release|Any CPU
		{6A6C086B-8E32-17E5-66DB-48CD2AEED440}.Release|Any CPU.Build.0 = Release|Any CPU
		{553E1170-0F89-4F3B-8190-B3E59B282DB4}.Debug|Any CPU.ActiveCfg = Debug|Any CPU
		{553E1170-0F89-4F3B-8190-B3E59B282DB4}.Debug|Any CPU.Build.0 = Debug|Any CPU
		{553E1170-0F89-4F3B-8190-B3E59B282DB4}.Release|Any CPU.ActiveCfg = Release|Any CPU
		{553E1170-0F89-4F3B-8190-B3E59B282DB4}.Release|Any CPU.Build.0 = Release|Any CPU
		{24563B72-318E-2DC8-82A7-8E3D79A80098}.Debug|Any CPU.ActiveCfg = Debug|Any CPU
		{24563B72-318E-2DC8-82A7-8E3D79A80098}.Debug|Any CPU.Build.0 = Debug|Any CPU
		{24563B72-318E-2DC8-82A7-8E3D79A80098}.Release|Any CPU.ActiveCfg = Release|Any CPU
		{24563B72-318E-2DC8-82A7-8E3D79A80098}.Release|Any CPU.Build.0 = Release|Any CPU
		{6D010A23-BA57-5ED7-25E3-7EA0DA228E81}.Debug|Any CPU.ActiveCfg = Debug|Any CPU
		{6D010A23-BA57-5ED7-25E3-7EA0DA228E81}.Debug|Any CPU.Build.0 = Debug|Any CPU
		{6D010A23-BA57-5ED7-25E3-7EA0DA228E81}.Release|Any CPU.ActiveCfg = Release|Any CPU
		{6D010A23-BA57-5ED7-25E3-7EA0DA228E81}.Release|Any CPU.Build.0 = Release|Any CPU
		{BABA8721-E254-3208-0A89-A2331330FDD3}.Debug|Any CPU.ActiveCfg = Debug|Any CPU
		{BABA8721-E254-3208-0A89-A2331330FDD3}.Debug|Any CPU.Build.0 = Debug|Any CPU
		{BABA8721-E254-3208-0A89-A2331330FDD3}.Release|Any CPU.ActiveCfg = Release|Any CPU
		{BABA8721-E254-3208-0A89-A2331330FDD3}.Release|Any CPU.Build.0 = Release|Any CPU
		{6C3CF51B-2B0A-38F6-C6BE-3E0D402BFB73}.Debug|Any CPU.ActiveCfg = Debug|Any CPU
		{6C3CF51B-2B0A-38F6-C6BE-3E0D402BFB73}.Debug|Any CPU.Build.0 = Debug|Any CPU
		{6C3CF51B-2B0A-38F6-C6BE-3E0D402BFB73}.Release|Any CPU.ActiveCfg = Release|Any CPU
		{6C3CF51B-2B0A-38F6-C6BE-3E0D402BFB73}.Release|Any CPU.Build.0 = Release|Any CPU
		{E40AF88E-E2D7-49FD-8CA6-6B05F99CE9F0}.Debug|Any CPU.ActiveCfg = Debug|Any CPU
		{E40AF88E-E2D7-49FD-8CA6-6B05F99CE9F0}.Debug|Any CPU.Build.0 = Debug|Any CPU
		{E40AF88E-E2D7-49FD-8CA6-6B05F99CE9F0}.Release|Any CPU.ActiveCfg = Release|Any CPU
		{E40AF88E-E2D7-49FD-8CA6-6B05F99CE9F0}.Release|Any CPU.Build.0 = Release|Any CPU
		{FBA0C2C5-B543-5212-5B1C-569E00F158C2}.Debug|Any CPU.ActiveCfg = Debug|Any CPU
		{FBA0C2C5-B543-5212-5B1C-569E00F158C2}.Debug|Any CPU.Build.0 = Debug|Any CPU
		{FBA0C2C5-B543-5212-5B1C-569E00F158C2}.Release|Any CPU.ActiveCfg = Release|Any CPU
		{FBA0C2C5-B543-5212-5B1C-569E00F158C2}.Release|Any CPU.Build.0 = Release|Any CPU
		{6D18BF70-A8BD-6439-44A2-E686C39C383B}.Debug|Any CPU.ActiveCfg = Debug|Any CPU
		{6D18BF70-A8BD-6439-44A2-E686C39C383B}.Debug|Any CPU.Build.0 = Debug|Any CPU
		{6D18BF70-A8BD-6439-44A2-E686C39C383B}.Release|Any CPU.ActiveCfg = Release|Any CPU
		{6D18BF70-A8BD-6439-44A2-E686C39C383B}.Release|Any CPU.Build.0 = Release|Any CPU
		{CC68D10F-F8E2-B450-9E40-3A75BA2451BD}.Debug|Any CPU.ActiveCfg = Debug|Any CPU
		{CC68D10F-F8E2-B450-9E40-3A75BA2451BD}.Debug|Any CPU.Build.0 = Debug|Any CPU
		{CC68D10F-F8E2-B450-9E40-3A75BA2451BD}.Release|Any CPU.ActiveCfg = Release|Any CPU
		{CC68D10F-F8E2-B450-9E40-3A75BA2451BD}.Release|Any CPU.Build.0 = Release|Any CPU
		{D9858C5C-6E8F-A5F4-815A-15ABB46AC726}.Debug|Any CPU.ActiveCfg = Debug|Any CPU
		{D9858C5C-6E8F-A5F4-815A-15ABB46AC726}.Debug|Any CPU.Build.0 = Debug|Any CPU
		{D9858C5C-6E8F-A5F4-815A-15ABB46AC726}.Release|Any CPU.ActiveCfg = Release|Any CPU
		{D9858C5C-6E8F-A5F4-815A-15ABB46AC726}.Release|Any CPU.Build.0 = Release|Any CPU
		{B83B517D-D97D-AC4C-DC50-0C131ABC0CD5}.Debug|Any CPU.ActiveCfg = Debug|Any CPU
		{B83B517D-D97D-AC4C-DC50-0C131ABC0CD5}.Debug|Any CPU.Build.0 = Debug|Any CPU
		{B83B517D-D97D-AC4C-DC50-0C131ABC0CD5}.Release|Any CPU.ActiveCfg = Release|Any CPU
		{B83B517D-D97D-AC4C-DC50-0C131ABC0CD5}.Release|Any CPU.Build.0 = Release|Any CPU
		{4C14529C-1560-4CC9-087F-05AC14602E2A}.Debug|Any CPU.ActiveCfg = Debug|Any CPU
		{4C14529C-1560-4CC9-087F-05AC14602E2A}.Debug|Any CPU.Build.0 = Debug|Any CPU
		{4C14529C-1560-4CC9-087F-05AC14602E2A}.Release|Any CPU.ActiveCfg = Release|Any CPU
		{4C14529C-1560-4CC9-087F-05AC14602E2A}.Release|Any CPU.Build.0 = Release|Any CPU
		{789B5108-8E00-64B5-F85C-E92259C68DB4}.Debug|Any CPU.ActiveCfg = Debug|Any CPU
		{789B5108-8E00-64B5-F85C-E92259C68DB4}.Debug|Any CPU.Build.0 = Debug|Any CPU
		{789B5108-8E00-64B5-F85C-E92259C68DB4}.Release|Any CPU.ActiveCfg = Release|Any CPU
		{789B5108-8E00-64B5-F85C-E92259C68DB4}.Release|Any CPU.Build.0 = Release|Any CPU
		{D49B97E8-0D0D-BA79-BFC9-E753B41E73EE}.Debug|Any CPU.ActiveCfg = Debug|Any CPU
		{D49B97E8-0D0D-BA79-BFC9-E753B41E73EE}.Debug|Any CPU.Build.0 = Debug|Any CPU
		{D49B97E8-0D0D-BA79-BFC9-E753B41E73EE}.Release|Any CPU.ActiveCfg = Release|Any CPU
		{D49B97E8-0D0D-BA79-BFC9-E753B41E73EE}.Release|Any CPU.Build.0 = Release|Any CPU
		{35F80088-D11E-E8E1-D1C6-9F97AF6AD322}.Debug|Any CPU.ActiveCfg = Debug|Any CPU
		{35F80088-D11E-E8E1-D1C6-9F97AF6AD322}.Debug|Any CPU.Build.0 = Debug|Any CPU
		{35F80088-D11E-E8E1-D1C6-9F97AF6AD322}.Release|Any CPU.ActiveCfg = Release|Any CPU
		{35F80088-D11E-E8E1-D1C6-9F97AF6AD322}.Release|Any CPU.Build.0 = Release|Any CPU
		{F53FDA00-0486-F9F3-817E-D3B15BB1CF94}.Debug|Any CPU.ActiveCfg = Debug|Any CPU
		{F53FDA00-0486-F9F3-817E-D3B15BB1CF94}.Debug|Any CPU.Build.0 = Debug|Any CPU
		{F53FDA00-0486-F9F3-817E-D3B15BB1CF94}.Release|Any CPU.ActiveCfg = Release|Any CPU
		{F53FDA00-0486-F9F3-817E-D3B15BB1CF94}.Release|Any CPU.Build.0 = Release|Any CPU
		{ABED7AAD-1A2A-B853-93E9-F020FEDCF108}.Debug|Any CPU.ActiveCfg = Debug|Any CPU
		{ABED7AAD-1A2A-B853-93E9-F020FEDCF108}.Debug|Any CPU.Build.0 = Debug|Any CPU
		{ABED7AAD-1A2A-B853-93E9-F020FEDCF108}.Release|Any CPU.ActiveCfg = Release|Any CPU
		{ABED7AAD-1A2A-B853-93E9-F020FEDCF108}.Release|Any CPU.Build.0 = Release|Any CPU
		{930875AB-779F-D442-94B2-B40B14C206F9}.Debug|Any CPU.ActiveCfg = Debug|Any CPU
		{930875AB-779F-D442-94B2-B40B14C206F9}.Debug|Any CPU.Build.0 = Debug|Any CPU
		{930875AB-779F-D442-94B2-B40B14C206F9}.Release|Any CPU.ActiveCfg = Release|Any CPU
		{930875AB-779F-D442-94B2-B40B14C206F9}.Release|Any CPU.Build.0 = Release|Any CPU
		{5CA44487-4CAF-33BE-C633-5AF6DB290D5C}.Debug|Any CPU.ActiveCfg = Debug|Any CPU
		{5CA44487-4CAF-33BE-C633-5AF6DB290D5C}.Debug|Any CPU.Build.0 = Debug|Any CPU
		{5CA44487-4CAF-33BE-C633-5AF6DB290D5C}.Release|Any CPU.ActiveCfg = Release|Any CPU
		{5CA44487-4CAF-33BE-C633-5AF6DB290D5C}.Release|Any CPU.Build.0 = Release|Any CPU
		{0C939E4F-B6F7-B966-0421-3F321A184932}.Debug|Any CPU.ActiveCfg = Debug|Any CPU
		{0C939E4F-B6F7-B966-0421-3F321A184932}.Debug|Any CPU.Build.0 = Debug|Any CPU
		{0C939E4F-B6F7-B966-0421-3F321A184932}.Release|Any CPU.ActiveCfg = Release|Any CPU
		{0C939E4F-B6F7-B966-0421-3F321A184932}.Release|Any CPU.Build.0 = Release|Any CPU
		{567F533D-59EF-A858-B51E-B47EF5AA7DCE}.Debug|Any CPU.ActiveCfg = Debug|Any CPU
		{567F533D-59EF-A858-B51E-B47EF5AA7DCE}.Debug|Any CPU.Build.0 = Debug|Any CPU
		{567F533D-59EF-A858-B51E-B47EF5AA7DCE}.Release|Any CPU.ActiveCfg = Release|Any CPU
		{567F533D-59EF-A858-B51E-B47EF5AA7DCE}.Release|Any CPU.Build.0 = Release|Any CPU
		{2F4AB4F2-87D7-4A0B-EB23-EAD2A4D438C7}.Debug|Any CPU.ActiveCfg = Debug|Any CPU
		{2F4AB4F2-87D7-4A0B-EB23-EAD2A4D438C7}.Debug|Any CPU.Build.0 = Debug|Any CPU
		{2F4AB4F2-87D7-4A0B-EB23-EAD2A4D438C7}.Release|Any CPU.ActiveCfg = Release|Any CPU
		{2F4AB4F2-87D7-4A0B-EB23-EAD2A4D438C7}.Release|Any CPU.Build.0 = Release|Any CPU
		{9FA8D622-438C-C853-D510-A5122D716A7D}.Debug|Any CPU.ActiveCfg = Debug|Any CPU
		{9FA8D622-438C-C853-D510-A5122D716A7D}.Debug|Any CPU.Build.0 = Debug|Any CPU
		{9FA8D622-438C-C853-D510-A5122D716A7D}.Release|Any CPU.ActiveCfg = Release|Any CPU
		{9FA8D622-438C-C853-D510-A5122D716A7D}.Release|Any CPU.Build.0 = Release|Any CPU
		{2DF013E0-F6FA-677A-2EAD-728F44497E0F}.Debug|Any CPU.ActiveCfg = Debug|Any CPU
		{2DF013E0-F6FA-677A-2EAD-728F44497E0F}.Debug|Any CPU.Build.0 = Debug|Any CPU
		{2DF013E0-F6FA-677A-2EAD-728F44497E0F}.Release|Any CPU.ActiveCfg = Release|Any CPU
		{2DF013E0-F6FA-677A-2EAD-728F44497E0F}.Release|Any CPU.Build.0 = Release|Any CPU
		{B93D68F1-3E56-85FE-6BD1-5224C36E51E8}.Debug|Any CPU.ActiveCfg = Debug|Any CPU
		{B93D68F1-3E56-85FE-6BD1-5224C36E51E8}.Debug|Any CPU.Build.0 = Debug|Any CPU
		{B93D68F1-3E56-85FE-6BD1-5224C36E51E8}.Release|Any CPU.ActiveCfg = Release|Any CPU
		{B93D68F1-3E56-85FE-6BD1-5224C36E51E8}.Release|Any CPU.Build.0 = Release|Any CPU
		{FCDCD28D-8968-E99F-C890-33F79F465C9F}.Debug|Any CPU.ActiveCfg = Debug|Any CPU
		{FCDCD28D-8968-E99F-C890-33F79F465C9F}.Debug|Any CPU.Build.0 = Debug|Any CPU
		{FCDCD28D-8968-E99F-C890-33F79F465C9F}.Release|Any CPU.ActiveCfg = Release|Any CPU
		{FCDCD28D-8968-E99F-C890-33F79F465C9F}.Release|Any CPU.Build.0 = Release|Any CPU
		{351DD7C6-9C4D-1C6E-FBDA-0067593E1C24}.Debug|Any CPU.ActiveCfg = Debug|Any CPU
		{351DD7C6-9C4D-1C6E-FBDA-0067593E1C24}.Debug|Any CPU.Build.0 = Debug|Any CPU
		{351DD7C6-9C4D-1C6E-FBDA-0067593E1C24}.Release|Any CPU.ActiveCfg = Release|Any CPU
		{351DD7C6-9C4D-1C6E-FBDA-0067593E1C24}.Release|Any CPU.Build.0 = Release|Any CPU
		{8CF016CD-AE4D-12A1-D2E4-78F25744C38F}.Debug|Any CPU.ActiveCfg = Debug|Any CPU
		{8CF016CD-AE4D-12A1-D2E4-78F25744C38F}.Debug|Any CPU.Build.0 = Debug|Any CPU
		{8CF016CD-AE4D-12A1-D2E4-78F25744C38F}.Release|Any CPU.ActiveCfg = Release|Any CPU
		{8CF016CD-AE4D-12A1-D2E4-78F25744C38F}.Release|Any CPU.Build.0 = Release|Any CPU
		{2F9745F4-0B2C-9F92-6F03-2FD015DE8B52}.Debug|Any CPU.ActiveCfg = Debug|Any CPU
		{2F9745F4-0B2C-9F92-6F03-2FD015DE8B52}.Debug|Any CPU.Build.0 = Debug|Any CPU
		{2F9745F4-0B2C-9F92-6F03-2FD015DE8B52}.Release|Any CPU.ActiveCfg = Release|Any CPU
		{2F9745F4-0B2C-9F92-6F03-2FD015DE8B52}.Release|Any CPU.Build.0 = Release|Any CPU
		{FAC4D061-0D5D-E2AC-1180-3E3B2FC06B20}.Debug|Any CPU.ActiveCfg = Debug|Any CPU
		{FAC4D061-0D5D-E2AC-1180-3E3B2FC06B20}.Debug|Any CPU.Build.0 = Debug|Any CPU
		{FAC4D061-0D5D-E2AC-1180-3E3B2FC06B20}.Release|Any CPU.ActiveCfg = Release|Any CPU
		{FAC4D061-0D5D-E2AC-1180-3E3B2FC06B20}.Release|Any CPU.Build.0 = Release|Any CPU
		{94AF51FA-7804-6AD0-E823-A16B5A32848B}.Debug|Any CPU.ActiveCfg = Debug|Any CPU
		{94AF51FA-7804-6AD0-E823-A16B5A32848B}.Debug|Any CPU.Build.0 = Debug|Any CPU
		{94AF51FA-7804-6AD0-E823-A16B5A32848B}.Release|Any CPU.ActiveCfg = Release|Any CPU
		{94AF51FA-7804-6AD0-E823-A16B5A32848B}.Release|Any CPU.Build.0 = Release|Any CPU
		{24A7C716-ACC3-AA32-AC15-E861983EB1D0}.Debug|Any CPU.ActiveCfg = Debug|Any CPU
		{24A7C716-ACC3-AA32-AC15-E861983EB1D0}.Debug|Any CPU.Build.0 = Debug|Any CPU
		{24A7C716-ACC3-AA32-AC15-E861983EB1D0}.Release|Any CPU.ActiveCfg = Release|Any CPU
		{24A7C716-ACC3-AA32-AC15-E861983EB1D0}.Release|Any CPU.Build.0 = Release|Any CPU
		{035FF319-CE73-4C5A-1E6E-D161CE53140A}.Debug|Any CPU.ActiveCfg = Debug|Any CPU
		{035FF319-CE73-4C5A-1E6E-D161CE53140A}.Debug|Any CPU.Build.0 = Debug|Any CPU
		{035FF319-CE73-4C5A-1E6E-D161CE53140A}.Release|Any CPU.ActiveCfg = Release|Any CPU
		{035FF319-CE73-4C5A-1E6E-D161CE53140A}.Release|Any CPU.Build.0 = Release|Any CPU
		{512CB648-B8DA-A2D4-1824-70B7DE1CF99A}.Debug|Any CPU.ActiveCfg = Debug|Any CPU
		{512CB648-B8DA-A2D4-1824-70B7DE1CF99A}.Debug|Any CPU.Build.0 = Debug|Any CPU
		{512CB648-B8DA-A2D4-1824-70B7DE1CF99A}.Release|Any CPU.ActiveCfg = Release|Any CPU
		{512CB648-B8DA-A2D4-1824-70B7DE1CF99A}.Release|Any CPU.Build.0 = Release|Any CPU
	EndGlobalSection
	GlobalSection(SolutionProperties) = preSolution
		HideSolutionNode = FALSE
	EndGlobalSection
EndGlobal
